
Microsoft Visual Studio Solution File, Format Version 12.00
# Visual Studio 15
VisualStudioVersion = 15.0.28307.572
MinimumVisualStudioVersion = 10.0.40219.1
Project("{8BC9CEB8-8B4A-11D0-8D11-00A0C91BC942}") = "test_oop", "test_oop\test_oop.vcxproj", "{8DD1E6E5-F7EB-45CD-A34C-E23E5E0ADE55}"
EndProject
Global
	GlobalSection(SolutionConfigurationPlatforms) = preSolution
		Debug|x64 = Debug|x64
		Debug|x86 = Debug|x86
		Release|x64 = Release|x64
		Release|x86 = Release|x86
	EndGlobalSection
	GlobalSection(ProjectConfigurationPlatforms) = postSolution
		{8DD1E6E5-F7EB-45CD-A34C-E23E5E0ADE55}.Debug|x64.ActiveCfg = Debug|x64
		{8DD1E6E5-F7EB-45CD-A34C-E23E5E0ADE55}.Debug|x64.Build.0 = Debug|x64
		{8DD1E6E5-F7EB-45CD-A34C-E23E5E0ADE55}.Debug|x86.ActiveCfg = Debug|Win32
		{8DD1E6E5-F7EB-45CD-A34C-E23E5E0ADE55}.Debug|x86.Build.0 = Debug|Win32
		{8DD1E6E5-F7EB-45CD-A34C-E23E5E0ADE55}.Release|x64.ActiveCfg = Release|x64
		{8DD1E6E5-F7EB-45CD-A34C-E23E5E0ADE55}.Release|x64.Build.0 = Release|x64
		{8DD1E6E5-F7EB-45CD-A34C-E23E5E0ADE55}.Release|x86.ActiveCfg = Release|Win32
		{8DD1E6E5-F7EB-45CD-A34C-E23E5E0ADE55}.Release|x86.Build.0 = Release|Win32
	EndGlobalSection
	GlobalSection(SolutionProperties) = preSolution
		HideSolutionNode = FALSE
	EndGlobalSection
	GlobalSection(ExtensibilityGlobals) = postSolution
		SolutionGuid = {70051B02-DC55-4EC5-8A5A-0D8CF09FFBFC}
	EndGlobalSection
EndGlobal
